
Microsoft Visual Studio Solution File, Format Version 12.00
# Visual Studio Version 16
VisualStudioVersion = 16.0.33214.272
MinimumVisualStudioVersion = 10.0.40219.1
Project("{F184B08F-C81C-45F6-A57F-5ABD9991F28F}") = "BMI Calculator", "BMI Calculator.vbproj", "{A5C46C0E-E7AF-4CE9-ACBD-E51B44901A34}"
EndProject
Global
	GlobalSection(SolutionConfigurationPlatforms) = preSolution
		Debug|Any CPU = Debug|Any CPU
		Release|Any CPU = Release|Any CPU
	EndGlobalSection
	GlobalSection(ProjectConfigurationPlatforms) = postSolution
		{A5C46C0E-E7AF-4CE9-ACBD-E51B44901A34}.Debug|Any CPU.ActiveCfg = Debug|Any CPU
		{A5C46C0E-E7AF-4CE9-ACBD-E51B44901A34}.Debug|Any CPU.Build.0 = Debug|Any CPU
		{A5C46C0E-E7AF-4CE9-ACBD-E51B44901A34}.Release|Any CPU.ActiveCfg = Release|Any CPU
		{A5C46C0E-E7AF-4CE9-ACBD-E51B44901A34}.Release|Any CPU.Build.0 = Release|Any CPU
	EndGlobalSection
	GlobalSection(SolutionProperties) = preSolution
		HideSolutionNode = FALSE
	EndGlobalSection
	GlobalSection(ExtensibilityGlobals) = postSolution
		SolutionGuid = {2D8357F6-7384-4685-9BD2-D729B1EC8A55}
	EndGlobalSection
EndGlobal
